Microsoft Visual Studio Solution File, Format Version 12.00
# Visual Studio Version 17
VisualStudioVersion = 17.5.2.0
MinimumVisualStudioVersion = 10.0.40219.1
Project("{FAE04EC0-301F-11D3-BF4B-00C04F79EFBC}") = "FunctionExerciseApp", "FunctionExerciseApp\FunctionExerciseApp.csproj", "{078D444D-427E-63DB-A0C9-AA3727DE73CE}"
EndProject
Project("{FAE04EC0-301F-11D3-BF4B-00C04F79EFBC}") = "AzureFunctions.Domain", "AzureFunctions.Domain\AzureFunctions.Domain.csproj", "{EBD6AD6F-B37E-419F-9BE3-2CA1092DBB43}"
EndProject
Project("{FAE04EC0-301F-11D3-BF4B-00C04F79EFBC}") = "FunctionExerciseApp.Tests", "FunctionExerciseApp.Tests\FunctionExerciseApp.Tests.csproj", "{2F181C8E-F29C-4BC8-A6B5-7A7BC4A260F3}"
EndProject
Global
	GlobalSection(SolutionConfigurationPlatforms) = preSolution
		Debug|Any CPU = Debug|Any CPU
		Release|Any CPU = Release|Any CPU
	EndGlobalSection
	GlobalSection(ProjectConfigurationPlatforms) = postSolution
		{078D444D-427E-63DB-A0C9-AA3727DE73CE}.Debug|Any CPU.ActiveCfg = Debug|Any CPU
		{078D444D-427E-63DB-A0C9-AA3727DE73CE}.Debug|Any CPU.Build.0 = Debug|Any CPU
		{078D444D-427E-63DB-A0C9-AA3727DE73CE}.Release|Any CPU.ActiveCfg = Release|Any CPU
		{078D444D-427E-63DB-A0C9-AA3727DE73CE}.Release|Any CPU.Build.0 = Release|Any CPU
		{EBD6AD6F-B37E-419F-9BE3-2CA1092DBB43}.Debug|Any CPU.ActiveCfg = Debug|Any CPU
		{EBD6AD6F-B37E-419F-9BE3-2CA1092DBB43}.Debug|Any CPU.Build.0 = Debug|Any CPU
		{EBD6AD6F-B37E-419F-9BE3-2CA1092DBB43}.Release|Any CPU.ActiveCfg = Release|Any CPU
		{EBD6AD6F-B37E-419F-9BE3-2CA1092DBB43}.Release|Any CPU.Build.0 = Release|Any CPU
		{2F181C8E-F29C-4BC8-A6B5-7A7BC4A260F3}.Debug|Any CPU.ActiveCfg = Debug|Any CPU
		{2F181C8E-F29C-4BC8-A6B5-7A7BC4A260F3}.Debug|Any CPU.Build.0 = Debug|Any CPU
		{2F181C8E-F29C-4BC8-A6B5-7A7BC4A260F3}.Release|Any CPU.ActiveCfg = Release|Any CPU
		{2F181C8E-F29C-4BC8-A6B5-7A7BC4A260F3}.Release|Any CPU.Build.0 = Release|Any CPU
	EndGlobalSection
	GlobalSection(SolutionProperties) = preSolution
		HideSolutionNode = FALSE
	EndGlobalSection
	GlobalSection(ExtensibilityGlobals) = postSolution
		SolutionGuid = {163B7DB0-61B2-4193-9E47-867F219170F5}
	EndGlobalSection
EndGlobal
